
Microsoft Visual Studio Solution File, Format Version 12.00
# Visual Studio Version 17
VisualStudioVersion = 17.10.34928.147
MinimumVisualStudioVersion = 10.0.40219.1
Project("{FAE04EC0-301F-11D3-BF4B-00C04F79EFBC}") = "WalksInEsbjerg.API", "WalksInEsbjerg.API\WalksInEsbjerg.API.csproj", "{2144003C-B666-4D44-80A6-B5BA81510760}"
EndProject
Global
	GlobalSection(SolutionConfigurationPlatforms) = preSolution
		Debug|Any CPU = Debug|Any CPU
		Release|Any CPU = Release|Any CPU
	EndGlobalSection
	GlobalSection(ProjectConfigurationPlatforms) = postSolution
		{2144003C-B666-4D44-80A6-B5BA81510760}.Debug|Any CPU.ActiveCfg = Debug|Any CPU
		{2144003C-B666-4D44-80A6-B5BA81510760}.Debug|Any CPU.Build.0 = Debug|Any CPU
		{2144003C-B666-4D44-80A6-B5BA81510760}.Release|Any CPU.ActiveCfg = Release|Any CPU
		{2144003C-B666-4D44-80A6-B5BA81510760}.Release|Any CPU.Build.0 = Release|Any CPU
	EndGlobalSection
	GlobalSection(SolutionProperties) = preSolution
		HideSolutionNode = FALSE
	EndGlobalSection
	GlobalSection(ExtensibilityGlobals) = postSolution
		SolutionGuid = {8DD2BB82-AE5A-4592-B497-38F5CD6236E1}
	EndGlobalSection
EndGlobal
